
Microsoft Visual Studio Solution File, Format Version 12.00
# Visual Studio Version 17
VisualStudioVersion = 17.14.36518.9
MinimumVisualStudioVersion = 10.0.40219.1
Project("{FAE04EC0-301F-11D3-BF4B-00C04F79EFBC}") = "IngSoftProyecto", "IngSoftProyecto\IngSoftProyecto.csproj", "{F3765CBB-D306-4E33-8A4D-E10B09ED87D6}"
EndProject
Project("{FAE04EC0-301F-11D3-BF4B-00C04F79EFBC}") = "Tests", "Tests\Tests.csproj", "{071EEDF7-C97E-4B44-A8E6-E320F5AF2B6F}"
EndProject
Global
	GlobalSection(SolutionConfigurationPlatforms) = preSolution
		Debug|Any CPU = Debug|Any CPU
		Release|Any CPU = Release|Any CPU
	EndGlobalSection
	GlobalSection(ProjectConfigurationPlatforms) = postSolution
		{F3765CBB-D306-4E33-8A4D-E10B09ED87D6}.Debug|Any CPU.ActiveCfg = Debug|Any CPU
		{F3765CBB-D306-4E33-8A4D-E10B09ED87D6}.Debug|Any CPU.Build.0 = Debug|Any CPU
		{F3765CBB-D306-4E33-8A4D-E10B09ED87D6}.Release|Any CPU.ActiveCfg = Release|Any CPU
		{F3765CBB-D306-4E33-8A4D-E10B09ED87D6}.Release|Any CPU.Build.0 = Release|Any CPU
		{071EEDF7-C97E-4B44-A8E6-E320F5AF2B6F}.Debug|Any CPU.ActiveCfg = Debug|Any CPU
		{071EEDF7-C97E-4B44-A8E6-E320F5AF2B6F}.Debug|Any CPU.Build.0 = Debug|Any CPU
		{071EEDF7-C97E-4B44-A8E6-E320F5AF2B6F}.Release|Any CPU.ActiveCfg = Release|Any CPU
		{071EEDF7-C97E-4B44-A8E6-E320F5AF2B6F}.Release|Any CPU.Build.0 = Release|Any CPU
	EndGlobalSection
	GlobalSection(SolutionProperties) = preSolution
		HideSolutionNode = FALSE
	EndGlobalSection
	GlobalSection(ExtensibilityGlobals) = postSolution
		SolutionGuid = {08F01D50-185F-439C-89C4-89F915282622}
	EndGlobalSection
EndGlobal
